{
  "name": "uni-default-demo",
  "version": "1.0.0",
  "lockfileVersion": 1,
  "requires": true,
  "dependencies": {
    "async-validator": {
      "version": "3.5.2",
      "resolved": "https://registry.nlark.com/async-validator/download/async-validator-3.5.2.tgz",
      "integrity": "sha1-aOhmqWgk6LJpT/eoMcGiXETV5QA="
    },
    "cc-ui-uni-app-zjh": {
      "version": "0.0.3",
      "resolved": "https://registry.nlark.com/cc-ui-uni-app-zjh/download/cc-ui-uni-app-zjh-0.0.3.tgz?cache=0&sync_timestamp=1629856578704&other_urls=https%3A%2F%2Fregistry.nlark.com%2Fcc-ui-uni-app-zjh%2Fdownload%2Fcc-ui-uni-app-zjh-0.0.3.tgz",
      "integrity": "sha1-miVfdK02xqFKsH1ATB6wRi2E0jI=",
      "requires": {
        "async-validator": "^3.5.2",
        "countup.js": "^2.0.7",
        "dayjs": "^1.10.6",
        "lodash": "^4.17.21"
      }
    },
    "countup.js": {
      "version": "2.0.8",
      "resolved": "https://registry.nlark.com/countup.js/download/countup.js-2.0.8.tgz",
      "integrity": "sha1-7KDDHJ2z93acuklNkxXNUtuq8bk="
    },
    "dayjs": {
      "version": "1.10.6",
      "resolved": "https://registry.nlark.com/dayjs/download/dayjs-1.10.6.tgz",
      "integrity": "sha1-KIsqqC8thBimydTfWJjAc3rQKmM="
    },
    "deepmerge": {
      "version": "4.2.2",
      "resolved": "https://registry.nlark.com/deepmerge/download/deepmerge-4.2.2.tgz",
      "integrity": "sha1-RNLqNnm49NT/ujPwPYZfwee/SVU="
    },
    "lodash": {
      "version": "4.17.21",
      "resolved": "https://registry.nlark.com/lodash/download/lodash-4.17.21.tgz",
      "integrity": "sha1-Z5WRxWTDv/quhFTPCz3zcMPWkRw="
    },
    "shvl": {
      "version": "2.0.3",
      "resolved": "https://registry.npm.taobao.org/shvl/download/shvl-2.0.3.tgz",
      "integrity": "sha1-60vTdkT1aEu6H8UsMBDJb7Xmr9E="
    },
    "vuex-persistedstate": {
      "version": "4.0.0",
      "resolved": "https://registry.nlark.com/vuex-persistedstate/download/vuex-persistedstate-4.0.0.tgz",
      "integrity": "sha1-7YLyZsqYyGmiqtnLmIDC9gjAXzo=",
      "requires": {
        "deepmerge": "^4.2.2",
        "shvl": "^2.0.3"
      }
    }
  }
}
